// !$*UTF8*$!
{
	archiveVersion = 1;
	classes = {
	};
	objectVersion = 50;
	objects = {

/* Begin PBXBuildFile section */
		654B977A918C9FA20B46CD95 /* libPods-webpList.a in Frameworks */ = {isa = PBXBuildFile; fileRef = F3B01622437E23DE165965D4 /* libPods-webpList.a */; };
		80034E6C246BEDE400A7A5C4 /* gifImageCollectionViewCell.m in Sources */ = {isa = PBXBuildFile; fileRef = 80034E6B246BEDE400A7A5C4 /* gifImageCollectionViewCell.m */; };
		80034E88246BF29E00A7A5C4 /* webpL.framework in Frameworks */ = {isa = PBXBuildFile; fileRef = 80034E87246BF29E00A7A5C4 /* webpL.framework */; };
		801BBFBA246AA213002F8158 /* AppDelegate.m in Sources */ = {isa = PBXBuildFile; fileRef = 801BBFB9246AA213002F8158 /* AppDelegate.m */; };
		801BBFBD246AA213002F8158 /* SceneDelegate.m in Sources */ = {isa = PBXBuildFile; fileRef = 801BBFBC246AA213002F8158 /* SceneDelegate.m */; };
		801BBFC0246AA213002F8158 /* ViewController.m in Sources */ = {isa = PBXBuildFile; fileRef = 801BBFBF246AA213002F8158 /* ViewController.m */; };
		801BBFC3246AA213002F8158 /* Main.storyboard in Resources */ = {isa = PBXBuildFile; fileRef = 801BBFC1246AA213002F8158 /* Main.storyboard */; };
		801BBFC5246AA216002F8158 /* Assets.xcassets in Resources */ = {isa = PBXBuildFile; fileRef = 801BBFC4246AA216002F8158 /* Assets.xcassets */; };
		801BBFC8246AA216002F8158 /* LaunchScreen.storyboard in Resources */ = {isa = PBXBuildFile; fileRef = 801BBFC6246AA216002F8158 /* LaunchScreen.storyboard */; };
		801BBFCB246AA216002F8158 /* main.m in Sources */ = {isa = PBXBuildFile; fileRef = 801BBFCA246AA216002F8158 /* main.m */; };
		801BC04B246ACD53002F8158 /* liblibwebp.a in Frameworks */ = {isa = PBXBuildFile; fileRef = 801BC04A246ACD53002F8158 /* liblibwebp.a */; };
		803EE913246BC031009BD8D7 /* gifListVC.m in Sources */ = {isa = PBXBuildFile; fileRef = 803EE912246BC031009BD8D7 /* gifListVC.m */; };
		803EE919246BC80D009BD8D7 /* demoVC.m in Sources */ = {isa = PBXBuildFile; fileRef = 803EE917246BC80D009BD8D7 /* demoVC.m */; };
		803EE91A246BC80D009BD8D7 /* demoVC.xib in Resources */ = {isa = PBXBuildFile; fileRef = 803EE918246BC80D009BD8D7 /* demoVC.xib */; };
		80E8BCAD2473B93900635E52 /* FpsLabel.m in Sources */ = {isa = PBXBuildFile; fileRef = 80E8BCAC2473B93900635E52 /* FpsLabel.m */; };
/* End PBXBuildFile section */

/* Begin PBXFileReference section */
		70998D67F8DEC93B383726DF /* Pods-webpList.debug.xcconfig */ = {isa = PBXFileReference; includeInIndex = 1; lastKnownFileType = text.xcconfig; name = "Pods-webpList.debug.xcconfig"; path = "Target Support Files/Pods-webpList/Pods-webpList.debug.xcconfig"; sourceTree = "<group>"; };
		80034E6A246BEDE400A7A5C4 /* gifImageCollectionViewCell.h */ = {isa = PBXFileReference; lastKnownFileType = sourcecode.c.h; path = gifImageCollectionViewCell.h; sourceTree = "<group>"; };
		80034E6B246BEDE400A7A5C4 /* gifImageCollectionViewCell.m */ = {isa = PBXFileReference; lastKnownFileType = sourcecode.c.objc; path = gifImageCollectionViewCell.m; sourceTree = "<group>"; };
		80034E87246BF29E00A7A5C4 /* webpL.framework */ = {isa = PBXFileReference; lastKnownFileType = wrapper.framework; path = webpL.framework; sourceTree = "<group>"; };
		801BBFB5246AA213002F8158 /* webpList.app */ = {isa = PBXFileReference; explicitFileType = wrapper.application; includeInIndex = 0; path = webpList.app; sourceTree = BUILT_PRODUCTS_DIR; };
		801BBFB8246AA213002F8158 /* AppDelegate.h */ = {isa = PBXFileReference; lastKnownFileType = sourcecode.c.h; path = AppDelegate.h; sourceTree = "<group>"; };
		801BBFB9246AA213002F8158 /* AppDelegate.m */ = {isa = PBXFileReference; lastKnownFileType = sourcecode.c.objc; path = AppDelegate.m; sourceTree = "<group>"; };
		801BBFBB246AA213002F8158 /* SceneDelegate.h */ = {isa = PBXFileReference; lastKnownFileType = sourcecode.c.h; path = SceneDelegate.h; sourceTree = "<group>"; };
		801BBFBC246AA213002F8158 /* SceneDelegate.m */ = {isa = PBXFileReference; lastKnownFileType = sourcecode.c.objc; path = SceneDelegate.m; sourceTree = "<group>"; };
		801BBFBE246AA213002F8158 /* ViewController.h */ = {isa = PBXFileReference; lastKnownFileType = sourcecode.c.h; path = ViewController.h; sourceTree = "<group>"; };
		801BBFBF246AA213002F8158 /* ViewController.m */ = {isa = PBXFileReference; lastKnownFileType = sourcecode.c.objc; path = ViewController.m; sourceTree = "<group>"; };
		801BBFC2246AA213002F8158 /* Base */ = {isa = PBXFileReference; lastKnownFileType = file.storyboard; name = Base; path = Base.lproj/Main.storyboard; sourceTree = "<group>"; };
		801BBFC4246AA216002F8158 /* Assets.xcassets */ = {isa = PBXFileReference; lastKnownFileType = folder.assetcatalog; path = Assets.xcassets; sourceTree = "<group>"; };
		801BBFC7246AA216002F8158 /* Base */ = {isa = PBXFileReference; lastKnownFileType = file.storyboard; name = Base; path = Base.lproj/LaunchScreen.storyboard; sourceTree = "<group>"; };
		801BBFC9246AA216002F8158 /* Info.plist */ = {isa = PBXFileReference; lastKnownFileType = text.plist.xml; path = Info.plist; sourceTree = "<group>"; };
		801BBFCA246AA216002F8158 /* main.m */ = {isa = PBXFileReference; lastKnownFileType = sourcecode.c.objc; path = main.m; sourceTree = "<group>"; };
		801BC04A246ACD53002F8158 /* liblibwebp.a */ = {isa = PBXFileReference; explicitFileType = archive.ar; path = liblibwebp.a; sourceTree = BUILT_PRODUCTS_DIR; };
		803EE911246BC031009BD8D7 /* gifListVC.h */ = {isa = PBXFileReference; lastKnownFileType = sourcecode.c.h; path = gifListVC.h; sourceTree = "<group>"; };
		803EE912246BC031009BD8D7 /* gifListVC.m */ = {isa = PBXFileReference; lastKnownFileType = sourcecode.c.objc; path = gifListVC.m; sourceTree = "<group>"; };
		803EE916246BC80D009BD8D7 /* demoVC.h */ = {isa = PBXFileReference; lastKnownFileType = sourcecode.c.h; path = demoVC.h; sourceTree = "<group>"; };
		803EE917246BC80D009BD8D7 /* demoVC.m */ = {isa = PBXFileReference; lastKnownFileType = sourcecode.c.objc; path = demoVC.m; sourceTree = "<group>"; };
		803EE918246BC80D009BD8D7 /* demoVC.xib */ = {isa = PBXFileReference; lastKnownFileType = file.xib; path = demoVC.xib; sourceTree = "<group>"; };
		80E8BCAB2473B93900635E52 /* FpsLabel.h */ = {isa = PBXFileReference; lastKnownFileType = sourcecode.c.h; path = FpsLabel.h; sourceTree = "<group>"; };
		80E8BCAC2473B93900635E52 /* FpsLabel.m */ = {isa = PBXFileReference; lastKnownFileType = sourcecode.c.objc; path = FpsLabel.m; sourceTree = "<group>"; };
		BC828BC0F79DB848083BF597 /* Pods-webpList.release.xcconfig */ = {isa = PBXFileReference; includeInIndex = 1; lastKnownFileType = text.xcconfig; name = "Pods-webpList.release.xcconfig"; path = "Target Support Files/Pods-webpList/Pods-webpList.release.xcconfig"; sourceTree = "<group>"; };
		F3B01622437E23DE165965D4 /* libPods-webpList.a */ = {isa = PBXFileReference; explicitFileType = archive.ar; includeInIndex = 0; path = "libPods-webpList.a"; sourceTree = BUILT_PRODUCTS_DIR; };
/* End PBXFileReference section */

/* Begin PBXFrameworksBuildPhase section */
		801BBFB2246AA213002F8158 /* Frameworks */ = {
			isa = PBXFrameworksBuildPhase;
			buildActionMask = 2147483647;
			files = (
				80034E88246BF29E00A7A5C4 /* webpL.framework in Frameworks */,
				801BC04B246ACD53002F8158 /* liblibwebp.a in Frameworks */,
				654B977A918C9FA20B46CD95 /* libPods-webpList.a in Frameworks */,
			);
			runOnlyForDeploymentPostprocessing = 0;
		};
/* End PBXFrameworksBuildPhase section */

/* Begin PBXGroup section */
		26CD0F9A9DB840501C82C07F /* Pods */ = {
			isa = PBXGroup;
			children = (
				70998D67F8DEC93B383726DF /* Pods-webpList.debug.xcconfig */,
				BC828BC0F79DB848083BF597 /* Pods-webpList.release.xcconfig */,
			);
			path = Pods;
			sourceTree = "<group>";
		};
		801BBFAC246AA213002F8158 = {
			isa = PBXGroup;
			children = (
				801BBFB7246AA213002F8158 /* webpList */,
				801BBFB6246AA213002F8158 /* Products */,
				26CD0F9A9DB840501C82C07F /* Pods */,
				B084DC28E8105B88F6DDA689 /* Frameworks */,
			);
			sourceTree = "<group>";
		};
		801BBFB6246AA213002F8158 /* Products */ = {
			isa = PBXGroup;
			children = (
				801BBFB5246AA213002F8158 /* webpList.app */,
			);
			name = Products;
			sourceTree = "<group>";
		};
		801BBFB7246AA213002F8158 /* webpList */ = {
			isa = PBXGroup;
			children = (
				801BBFB8246AA213002F8158 /* AppDelegate.h */,
				801BBFB9246AA213002F8158 /* AppDelegate.m */,
				801BBFBB246AA213002F8158 /* SceneDelegate.h */,
				801BBFBC246AA213002F8158 /* SceneDelegate.m */,
				801BBFBE246AA213002F8158 /* ViewController.h */,
				801BBFBF246AA213002F8158 /* ViewController.m */,
				803EE916246BC80D009BD8D7 /* demoVC.h */,
				803EE917246BC80D009BD8D7 /* demoVC.m */,
				803EE918246BC80D009BD8D7 /* demoVC.xib */,
				803EE911246BC031009BD8D7 /* gifListVC.h */,
				803EE912246BC031009BD8D7 /* gifListVC.m */,
				80034E6A246BEDE400A7A5C4 /* gifImageCollectionViewCell.h */,
				80034E6B246BEDE400A7A5C4 /* gifImageCollectionViewCell.m */,
				80E8BCAB2473B93900635E52 /* FpsLabel.h */,
				80E8BCAC2473B93900635E52 /* FpsLabel.m */,
				801BBFC1246AA213002F8158 /* Main.storyboard */,
				801BBFC4246AA216002F8158 /* Assets.xcassets */,
				801BBFC6246AA216002F8158 /* LaunchScreen.storyboard */,
				801BBFC9246AA216002F8158 /* Info.plist */,
				801BBFCA246AA216002F8158 /* main.m */,
				80034E87246BF29E00A7A5C4 /* webpL.framework */,
			);
			path = webpList;
			sourceTree = "<group>";
		};
		B084DC28E8105B88F6DDA689 /* Frameworks */ = {
			isa = PBXGroup;
			children = (
				801BC04A246ACD53002F8158 /* liblibwebp.a */,
				F3B01622437E23DE165965D4 /* libPods-webpList.a */,
			);
			name = Frameworks;
			sourceTree = "<group>";
		};
/* End PBXGroup section */

/* Begin PBXNativeTarget section */
		801BBFB4246AA213002F8158 /* webpList */ = {
			isa = PBXNativeTarget;
			buildConfigurationList = 801BBFCE246AA216002F8158 /* Build configuration list for PBXNativeTarget "webpList" */;
			buildPhases = (
				8A523603774FE863194A5C16 /* [CP] Check Pods Manifest.lock */,
				801BBFB1246AA213002F8158 /* Sources */,
				801BBFB2246AA213002F8158 /* Frameworks */,
				801BBFB3246AA213002F8158 /* Resources */,
			);
			buildRules = (
			);
			dependencies = (
			);
			name = webpList;
			productName = webpList;
			productReference = 801BBFB5246AA213002F8158 /* webpList.app */;
			productType = "com.apple.product-type.application";
		};
/* End PBXNativeTarget section */

/* Begin PBXProject section */
		801BBFAD246AA213002F8158 /* Project object */ = {
			isa = PBXProject;
			attributes = {
				LastUpgradeCheck = 1130;
				ORGANIZATIONNAME = admin;
				TargetAttributes = {
					801BBFB4246AA213002F8158 = {
						CreatedOnToolsVersion = 11.3;
					};
				};
			};
			buildConfigurationList = 801BBFB0246AA213002F8158 /* Build configuration list for PBXProject "webpList" */;
			compatibilityVersion = "Xcode 9.3";
			developmentRegion = en;
			hasScannedForEncodings = 0;
			knownRegions = (
				en,
				Base,
			);
			mainGroup = 801BBFAC246AA213002F8158;
			productRefGroup = 801BBFB6246AA213002F8158 /* Products */;
			projectDirPath = "";
			projectRoot = "";
			targets = (
				801BBFB4246AA213002F8158 /* webpList */,
			);
		};
/* End PBXProject section */

/* Begin PBXResourcesBuildPhase section */
		801BBFB3246AA213002F8158 /* Resources */ = {
			isa = PBXResourcesBuildPhase;
			buildActionMask = 2147483647;
			files = (
				801BBFC8246AA216002F8158 /* LaunchScreen.storyboard in Resources */,
				801BBFC5246AA216002F8158 /* Assets.xcassets in Resources */,
				803EE91A246BC80D009BD8D7 /* demoVC.xib in Resources */,
				801BBFC3246AA213002F8158 /* Main.storyboard in Resources */,
			);
			runOnlyForDeploymentPostprocessing = 0;
		};
/* End PBXResourcesBuildPhase section */

/* Begin PBXShellScriptBuildPhase section */
		8A523603774FE863194A5C16 /* [CP] Check Pods Manifest.lock */ = {
			isa = PBXShellScriptBuildPhase;
			buildActionMask = 2147483647;
			files = (
			);
			inputFileListPaths = (
			);
			inputPaths = (
				"${PODS_PODFILE_DIR_PATH}/Podfile.lock",
				"${PODS_ROOT}/Manifest.lock",
			);
			name = "[CP] Check Pods Manifest.lock";
			outputFileListPaths = (
			);
			outputPaths = (
				"$(DERIVED_FILE_DIR)/Pods-webpList-checkManifestLockResult.txt",
			);
			runOnlyForDeploymentPostprocessing = 0;
			shellPath = /bin/sh;
			shellScript = "diff \"${PODS_PODFILE_DIR_PATH}/Podfile.lock\" \"${PODS_ROOT}/Manifest.lock\" > /dev/null\nif [ $? != 0 ] ; then\n    # print error to STDERR\n    echo \"error: The sandbox is not in sync with the Podfile.lock. Run 'pod install' or update your CocoaPods installation.\" >&2\n    exit 1\nfi\n# This output is used by Xcode 'outputs' to avoid re-running this script phase.\necho \"SUCCESS\" > \"${SCRIPT_OUTPUT_FILE_0}\"\n";
			showEnvVarsInLog = 0;
		};
/* End PBXShellScriptBuildPhase section */

/* Begin PBXSourcesBuildPhase section */
		801BBFB1246AA213002F8158 /* Sources */ = {
			isa = PBXSourcesBuildPhase;
			buildActionMask = 2147483647;
			files = (
				801BBFC0246AA213002F8158 /* ViewController.m in Sources */,
				801BBFBA246AA213002F8158 /* AppDelegate.m in Sources */,
				801BBFCB246AA216002F8158 /* main.m in Sources */,
				801BBFBD246AA213002F8158 /* SceneDelegate.m in Sources */,
				803EE913246BC031009BD8D7 /* gifListVC.m in Sources */,
				80034E6C246BEDE400A7A5C4 /* gifImageCollectionViewCell.m in Sources */,
				80E8BCAD2473B93900635E52 /* FpsLabel.m in Sources */,
				803EE919246BC80D009BD8D7 /* demoVC.m in Sources */,
			);
			runOnlyForDeploymentPostprocessing = 0;
		};
/* End PBXSourcesBuildPhase section */

/* Begin PBXVariantGroup section */
		801BBFC1246AA213002F8158 /* Main.storyboard */ = {
			isa = PBXVariantGroup;
			children = (
				801BBFC2246AA213002F8158 /* Base */,
			);
			name = Main.storyboard;
			sourceTree = "<group>";
		};
		801BBFC6246AA216002F8158 /* LaunchScreen.storyboard */ = {
			isa = PBXVariantGroup;
			children = (
				801BBFC7246AA216002F8158 /* Base */,
			);
			name = LaunchScreen.storyboard;
			sourceTree = "<group>";
		};
/* End PBXVariantGroup section */

/* Begin XCBuildConfiguration section */
		801BBFCC246AA216002F8158 /* Debug */ = {
			isa = XCBuildConfiguration;
			buildSettings = {
				ALWAYS_SEARCH_USER_PATHS = NO;
				CLANG_ANALYZER_NONNULL = YES;
				CLANG_ANALYZER_NUMBER_OBJECT_CONVERSION = YES_AGGRESSIVE;
				CLANG_CXX_LANGUAGE_STANDARD = "gnu++14";
				CLANG_CXX_LIBRARY = "libc++";
				CLANG_ENABLE_MODULES = YES;
				CLANG_ENABLE_OBJC_ARC = YES;
				CLANG_ENABLE_OBJC_WEAK = YES;
				CLANG_WARN_BLOCK_CAPTURE_AUTORELEASING = YES;
				CLANG_WARN_BOOL_CONVERSION = YES;
				CLANG_WARN_COMMA = YES;
				CLANG_WARN_CONSTANT_CONVERSION = YES;
				CLANG_WARN_DEPRECATED_OBJC_IMPLEMENTATIONS = YES;
				CLANG_WARN_DIRECT_OBJC_ISA_USAGE = YES_ERROR;
				CLANG_WARN_DOCUMENTATION_COMMENTS = YES;
				CLANG_WARN_EMPTY_BODY = YES;
				CLANG_WARN_ENUM_CONVERSION = YES;
				CLANG_WARN_INFINITE_RECURSION = YES;
				CLANG_WARN_INT_CONVERSION = YES;
				CLANG_WARN_NON_LITERAL_NULL_CONVERSION = YES;
				CLANG_WARN_OBJC_IMPLICIT_RETAIN_SELF = YES;
				CLANG_WARN_OBJC_LITERAL_CONVERSION = YES;
				CLANG_WARN_OBJC_ROOT_CLASS = YES_ERROR;
				CLANG_WARN_RANGE_LOOP_ANALYSIS = YES;
				CLANG_WARN_STRICT_PROTOTYPES = YES;
				CLANG_WARN_SUSPICIOUS_MOVE = YES;
				CLANG_WARN_UNGUARDED_AVAILABILITY = YES_AGGRESSIVE;
				CLANG_WARN_UNREACHABLE_CODE = YES;
				CLANG_WARN__DUPLICATE_METHOD_MATCH = YES;
				COPY_PHASE_STRIP = NO;
				DEBUG_INFORMATION_FORMAT = dwarf;
				ENABLE_STRICT_OBJC_MSGSEND = YES;
				ENABLE_TESTABILITY = YES;
				GCC_C_LANGUAGE_STANDARD = gnu11;
				GCC_DYNAMIC_NO_PIC = NO;
				GCC_NO_COMMON_BLOCKS = YES;
				GCC_OPTIMIZATION_LEVEL = 0;
				GCC_PREPROCESSOR_DEFINITIONS = (
					"DEBUG=1",
					"$(inherited)",
				);
				GCC_WARN_64_TO_32_BIT_CONVERSION = YES;
				GCC_WARN_ABOUT_RETURN_TYPE = YES_ERROR;
				GCC_WARN_UNDECLARED_SELECTOR = YES;
				GCC_WARN_UNINITIALIZED_AUTOS = YES_AGGRESSIVE;
				GCC_WARN_UNUSED_FUNCTION = YES;
				GCC_WARN_UNUSED_VARIABLE = YES;
				IPHONEOS_DEPLOYMENT_TARGET = 13.2;
				MTL_ENABLE_DEBUG_INFO = INCLUDE_SOURCE;
				MTL_FAST_MATH = YES;
				ONLY_ACTIVE_ARCH = YES;
				SDKROOT = iphoneos;
			};
			name = Debug;
		};
		801BBFCD246AA216002F8158 /* Release */ = {
			isa = XCBuildConfiguration;
			buildSettings = {
				ALWAYS_SEARCH_USER_PATHS = NO;
				CLANG_ANALYZER_NONNULL = YES;
				CLANG_ANALYZER_NUMBER_OBJECT_CONVERSION = YES_AGGRESSIVE;
				CLANG_CXX_LANGUAGE_STANDARD = "gnu++14";
				CLANG_CXX_LIBRARY = "libc++";
				CLANG_ENABLE_MODULES = YES;
				CLANG_ENABLE_OBJC_ARC = YES;
				CLANG_ENABLE_OBJC_WEAK = YES;
				CLANG_WARN_BLOCK_CAPTURE_AUTORELEASING = YES;
				CLANG_WARN_BOOL_CONVERSION = YES;
				CLANG_WARN_COMMA = YES;
				CLANG_WARN_CONSTANT_CONVERSION = YES;
				CLANG_WARN_DEPRECATED_OBJC_IMPLEMENTATIONS = YES;
				CLANG_WARN_DIRECT_OBJC_ISA_USAGE = YES_ERROR;
				CLANG_WARN_DOCUMENTATION_COMMENTS = YES;
				CLANG_WARN_EMPTY_BODY = YES;
				CLANG_WARN_ENUM_CONVERSION = YES;
				CLANG_WARN_INFINITE_RECURSION = YES;
				CLANG_WARN_INT_CONVERSION = YES;
				CLANG_WARN_NON_LITERAL_NULL_CONVERSION = YES;
				CLANG_WARN_OBJC_IMPLICIT_RETAIN_SELF = YES;
				CLANG_WARN_OBJC_LITERAL_CONVERSION = YES;
				CLANG_WARN_OBJC_ROOT_CLASS = YES_ERROR;
				CLANG_WARN_RANGE_LOOP_ANALYSIS = YES;
				CLANG_WARN_STRICT_PROTOTYPES = YES;
				CLANG_WARN_SUSPICIOUS_MOVE = YES;
				CLANG_WARN_UNGUARDED_AVAILABILITY = YES_AGGRESSIVE;
				CLANG_WARN_UNREACHABLE_CODE = YES;
				CLANG_WARN__DUPLICATE_METHOD_MATCH = YES;
				COPY_PHASE_STRIP = NO;
				DEBUG_INFORMATION_FORMAT = "dwarf-with-dsym";
				ENABLE_NS_ASSERTIONS = NO;
				ENABLE_STRICT_OBJC_MSGSEND = YES;
				GCC_C_LANGUAGE_STANDARD = gnu11;
				GCC_NO_COMMON_BLOCKS = YES;
				GCC_WARN_64_TO_32_BIT_CONVERSION = YES;
				GCC_WARN_ABOUT_RETURN_TYPE = YES_ERROR;
				GCC_WARN_UNDECLARED_SELECTOR = YES;
				GCC_WARN_UNINITIALIZED_AUTOS = YES_AGGRESSIVE;
				GCC_WARN_UNUSED_FUNCTION = YES;
				GCC_WARN_UNUSED_VARIABLE = YES;
				IPHONEOS_DEPLOYMENT_TARGET = 13.2;
				MTL_ENABLE_DEBUG_INFO = NO;
				MTL_FAST_MATH = YES;
				SDKROOT = iphoneos;
				VALIDATE_PRODUCT = YES;
			};
			name = Release;
		};
		801BBFCF246AA216002F8158 /* Debug */ = {
			isa = XCBuildConfiguration;
			baseConfigurationReference = 70998D67F8DEC93B383726DF /* Pods-webpList.debug.xcconfig */;
			buildSettings = {
				ASSETCATALOG_COMPILER_APPICON_NAME = AppIcon;
				CODE_SIGN_STYLE = Automatic;
				DEVELOPMENT_TEAM = 7QNLTY2CV2;
				FRAMEWORK_SEARCH_PATHS = (
					"$(inherited)",
					"$(PROJECT_DIR)/webpList",
				);
				INFOPLIST_FILE = webpList/Info.plist;
				IPHONEOS_DEPLOYMENT_TARGET = 9.0;
				LD_RUNPATH_SEARCH_PATHS = (
					"$(inherited)",
					"@executable_path/Frameworks",
				);
				ONLY_ACTIVE_ARCH = YES;
				OTHER_LDFLAGS = "-all_load";
				PRODUCT_BUNDLE_IDENTIFIER = zxc.webpList;
				PRODUCT_NAME = "$(TARGET_NAME)";
				TARGETED_DEVICE_FAMILY = "1,2";
			};
			name = Debug;
		};
		801BBFD0246AA216002F8158 /* Release */ = {
			isa = XCBuildConfiguration;
			baseConfigurationReference = BC828BC0F79DB848083BF597 /* Pods-webpList.release.xcconfig */;
			buildSettings = {
				ASSETCATALOG_COMPILER_APPICON_NAME = AppIcon;
				CODE_SIGN_STYLE = Automatic;
				DEVELOPMENT_TEAM = 7QNLTY2CV2;
				FRAMEWORK_SEARCH_PATHS = (
					"$(inherited)",
					"$(PROJECT_DIR)/webpList",
				);
				INFOPLIST_FILE = webpList/Info.plist;
				IPHONEOS_DEPLOYMENT_TARGET = 9.0;
				LD_RUNPATH_SEARCH_PATHS = (
					"$(inherited)",
					"@executable_path/Frameworks",
				);
				OTHER_LDFLAGS = "-all_load";
				PRODUCT_BUNDLE_IDENTIFIER = zxc.webpList;
				PRODUCT_NAME = "$(TARGET_NAME)";
				TARGETED_DEVICE_FAMILY = "1,2";
			};
			name = Release;
		};
/* End XCBuildConfiguration section */

/* Begin XCConfigurationList section */
		801BBFB0246AA213002F8158 /* Build configuration list for PBXProject "webpList" */ = {
			isa = XCConfigurationList;
			buildConfigurations = (
				801BBFCC246AA216002F8158 /* Debug */,
				801BBFCD246AA216002F8158 /* Release */,
			);
			defaultConfigurationIsVisible = 0;
			defaultConfigurationName = Release;
		};
		801BBFCE246AA216002F8158 /* Build configuration list for PBXNativeTarget "webpList" */ = {
			isa = XCConfigurationList;
			buildConfigurations = (
				801BBFCF246AA216002F8158 /* Debug */,
				801BBFD0246AA216002F8158 /* Release */,
			);
			defaultConfigurationIsVisible = 0;
			defaultConfigurationName = Release;
		};
/* End XCConfigurationList section */
	};
	rootObject = 801BBFAD246AA213002F8158 /* Project object */;
}
